
Microsoft Visual Studio Solution File, Format Version 12.00
# Visual Studio Version 17
VisualStudioVersion = 17.5.002.0
MinimumVisualStudioVersion = 10.0.40219.1
Project("{9A19103F-16F7-4668-BE54-9A1E7A4F7556}") = "CSharp_Task_2", "CSharp_Task_2.csproj", "{203268BC-4B03-4B41-85B0-E06F47BE9120}"
EndProject
Global
	GlobalSection(SolutionConfigurationPlatforms) = preSolution
		Debug|Any CPU = Debug|Any CPU
		Release|Any CPU = Release|Any CPU
	EndGlobalSection
	GlobalSection(ProjectConfigurationPlatforms) = postSolution
		{203268BC-4B03-4B41-85B0-E06F47BE9120}.Debug|Any CPU.ActiveCfg = Debug|Any CPU
		{203268BC-4B03-4B41-85B0-E06F47BE9120}.Debug|Any CPU.Build.0 = Debug|Any CPU
		{203268BC-4B03-4B41-85B0-E06F47BE9120}.Release|Any CPU.ActiveCfg = Release|Any CPU
		{203268BC-4B03-4B41-85B0-E06F47BE9120}.Release|Any CPU.Build.0 = Release|Any CPU
	EndGlobalSection
	GlobalSection(SolutionProperties) = preSolution
		HideSolutionNode = FALSE
	EndGlobalSection
	GlobalSection(ExtensibilityGlobals) = postSolution
		SolutionGuid = {DB2CDA83-6467-4840-A371-9E8007084685}
	EndGlobalSection
EndGlobal
